
Microsoft Visual Studio Solution File, Format Version 12.00
# Visual Studio Version 17
VisualStudioVersion = 17.3.32825.248
MinimumVisualStudioVersion = 10.0.40219.1
Project("{2150E333-8FDC-42A3-9474-1A3956D46DE8}") = "src", "src", "{5309EC62-08D3-4CB5-B295-0D389CFBDDA1}"
EndProject
Project("{2150E333-8FDC-42A3-9474-1A3956D46DE8}") = "tests", "tests", "{D89EE3E4-AABD-439A-A3CB-8EDA27EA32B0}"
EndProject
Project("{2150E333-8FDC-42A3-9474-1A3956D46DE8}") = "samples", "samples", "{1CB8393F-4607-4594-B990-92FCC23C2C55}"
EndProject
Project("{FAE04EC0-301F-11D3-BF4B-00C04F79EFBC}") = "EFCore.Extensions", "src\EFCore.Extensions\EFCore.Extensions.csproj", "{A02640FC-D2AE-45BB-BBA4-C864CFA2C94A}"
EndProject
Global
	GlobalSection(SolutionConfigurationPlatforms) = preSolution
		Debug|Any CPU = Debug|Any CPU
		Release|Any CPU = Release|Any CPU
	EndGlobalSection
	GlobalSection(ProjectConfigurationPlatforms) = postSolution
		{A02640FC-D2AE-45BB-BBA4-C864CFA2C94A}.Debug|Any CPU.ActiveCfg = Debug|Any CPU
		{A02640FC-D2AE-45BB-BBA4-C864CFA2C94A}.Debug|Any CPU.Build.0 = Debug|Any CPU
		{A02640FC-D2AE-45BB-BBA4-C864CFA2C94A}.Release|Any CPU.ActiveCfg = Release|Any CPU
		{A02640FC-D2AE-45BB-BBA4-C864CFA2C94A}.Release|Any CPU.Build.0 = Release|Any CPU
	EndGlobalSection
	GlobalSection(SolutionProperties) = preSolution
		HideSolutionNode = FALSE
	EndGlobalSection
	GlobalSection(NestedProjects) = preSolution
		{A02640FC-D2AE-45BB-BBA4-C864CFA2C94A} = {5309EC62-08D3-4CB5-B295-0D389CFBDDA1}
	EndGlobalSection
	GlobalSection(ExtensibilityGlobals) = postSolution
		SolutionGuid = {3CA6DE1A-C1A0-4BE1-B7BF-D3052CD20581}
	EndGlobalSection
EndGlobal
